// !$*UTF8*$!
{
	archiveVersion = 1;
	classes = {
	};
	objectVersion = 56;
	objects = {

/* Begin PBXBuildFile section */
		431B49CC298C53AA001EB598 /* AppDelegate.swift in Sources */ = {isa = PBXBuildFile; fileRef = 431B49CB298C53AA001EB598 /* AppDelegate.swift */; };
		431B49CE298C53AA001EB598 /* SceneDelegate.swift in Sources */ = {isa = PBXBuildFile; fileRef = 431B49CD298C53AA001EB598 /* SceneDelegate.swift */; };
		431B49D5298C53AB001EB598 /* Assets.xcassets in Resources */ = {isa = PBXBuildFile; fileRef = 431B49D4298C53AB001EB598 /* Assets.xcassets */; };
		431B49D8298C53AB001EB598 /* LaunchScreen.storyboard in Resources */ = {isa = PBXBuildFile; fileRef = 431B49D6298C53AB001EB598 /* LaunchScreen.storyboard */; };
		431B49E7298C57EF001EB598 /* RMLocations.swift in Sources */ = {isa = PBXBuildFile; fileRef = 431B49E6298C57EF001EB598 /* RMLocations.swift */; };
		431B49E9298C5815001EB598 /* RMEpisode.swift in Sources */ = {isa = PBXBuildFile; fileRef = 431B49E8298C5815001EB598 /* RMEpisode.swift */; };
		431B49EB298C582D001EB598 /* RMCharacter.swift in Sources */ = {isa = PBXBuildFile; fileRef = 431B49EA298C582D001EB598 /* RMCharacter.swift */; };
		431B49ED298C58A5001EB598 /* RMTabBarController.swift in Sources */ = {isa = PBXBuildFile; fileRef = 431B49EC298C58A5001EB598 /* RMTabBarController.swift */; };
		431B49F0298C5A32001EB598 /* RMLocationViewController.swift in Sources */ = {isa = PBXBuildFile; fileRef = 431B49EF298C5A32001EB598 /* RMLocationViewController.swift */; };
		431B49F2298C5A44001EB598 /* RMEpisodeViewController.swift in Sources */ = {isa = PBXBuildFile; fileRef = 431B49F1298C5A44001EB598 /* RMEpisodeViewController.swift */; };
		431B49F4298C5A5E001EB598 /* RMCharacterViewController.swift in Sources */ = {isa = PBXBuildFile; fileRef = 431B49F3298C5A5E001EB598 /* RMCharacterViewController.swift */; };
		431B49F6298C5A69001EB598 /* RMSettingsViewController.swift in Sources */ = {isa = PBXBuildFile; fileRef = 431B49F5298C5A69001EB598 /* RMSettingsViewController.swift */; };
/* End PBXBuildFile section */

/* Begin PBXFileReference section */
		431B49C8298C53AA001EB598 /* RickandMorty.app */ = {isa = PBXFileReference; explicitFileType = wrapper.application; includeInIndex = 0; path = RickandMorty.app; sourceTree = BUILT_PRODUCTS_DIR; };
		431B49CB298C53AA001EB598 /* AppDelegate.swift */ = {isa = PBXFileReference; lastKnownFileType = sourcecode.swift; path = AppDelegate.swift; sourceTree = "<group>"; };
		431B49CD298C53AA001EB598 /* SceneDelegate.swift */ = {isa = PBXFileReference; lastKnownFileType = sourcecode.swift; path = SceneDelegate.swift; sourceTree = "<group>"; };
		431B49D4298C53AB001EB598 /* Assets.xcassets */ = {isa = PBXFileReference; lastKnownFileType = folder.assetcatalog; path = Assets.xcassets; sourceTree = "<group>"; };
		431B49D7298C53AB001EB598 /* Base */ = {isa = PBXFileReference; lastKnownFileType = file.storyboard; name = Base; path = Base.lproj/LaunchScreen.storyboard; sourceTree = "<group>"; };
		431B49D9298C53AB001EB598 /* Info.plist */ = {isa = PBXFileReference; lastKnownFileType = text.plist.xml; path = Info.plist; sourceTree = "<group>"; };
		431B49E6298C57EF001EB598 /* RMLocations.swift */ = {isa = PBXFileReference; lastKnownFileType = sourcecode.swift; path = RMLocations.swift; sourceTree = "<group>"; };
		431B49E8298C5815001EB598 /* RMEpisode.swift */ = {isa = PBXFileReference; lastKnownFileType = sourcecode.swift; path = RMEpisode.swift; sourceTree = "<group>"; };
		431B49EA298C582D001EB598 /* RMCharacter.swift */ = {isa = PBXFileReference; lastKnownFileType = sourcecode.swift; path = RMCharacter.swift; sourceTree = "<group>"; };
		431B49EC298C58A5001EB598 /* RMTabBarController.swift */ = {isa = PBXFileReference; lastKnownFileType = sourcecode.swift; path = RMTabBarController.swift; sourceTree = "<group>"; };
		431B49EF298C5A32001EB598 /* RMLocationViewController.swift */ = {isa = PBXFileReference; lastKnownFileType = sourcecode.swift; path = RMLocationViewController.swift; sourceTree = "<group>"; };
		431B49F1298C5A44001EB598 /* RMEpisodeViewController.swift */ = {isa = PBXFileReference; lastKnownFileType = sourcecode.swift; path = RMEpisodeViewController.swift; sourceTree = "<group>"; };
		431B49F3298C5A5E001EB598 /* RMCharacterViewController.swift */ = {isa = PBXFileReference; lastKnownFileType = sourcecode.swift; path = RMCharacterViewController.swift; sourceTree = "<group>"; };
		431B49F5298C5A69001EB598 /* RMSettingsViewController.swift */ = {isa = PBXFileReference; lastKnownFileType = sourcecode.swift; path = RMSettingsViewController.swift; sourceTree = "<group>"; };
/* End PBXFileReference section */

/* Begin PBXFrameworksBuildPhase section */
		431B49C5298C53AA001EB598 /* Frameworks */ = {
			isa = PBXFrameworksBuildPhase;
			buildActionMask = 2147483647;
			files = (
			);
			runOnlyForDeploymentPostprocessing = 0;
		};
/* End PBXFrameworksBuildPhase section */

/* Begin PBXGroup section */
		431B49BF298C53AA001EB598 = {
			isa = PBXGroup;
			children = (
				431B49CA298C53AA001EB598 /* RickandMorty */,
				431B49C9298C53AA001EB598 /* Products */,
			);
			sourceTree = "<group>";
		};
		431B49C9298C53AA001EB598 /* Products */ = {
			isa = PBXGroup;
			children = (
				431B49C8298C53AA001EB598 /* RickandMorty.app */,
			);
			name = Products;
			sourceTree = "<group>";
		};
		431B49CA298C53AA001EB598 /* RickandMorty */ = {
			isa = PBXGroup;
			children = (
				431B49E5298C5756001EB598 /* Resources */,
				431B49E4298C5743001EB598 /* APIClient */,
				431B49E3298C573D001EB598 /* ViewModels */,
				431B49E2298C5735001EB598 /* Views */,
				431B49E1298C572F001EB598 /* Managers */,
				431B49E0298C5729001EB598 /* Models */,
				431B49DF298C5719001EB598 /* Controllers */,
				431B49D9298C53AB001EB598 /* Info.plist */,
			);
			path = RickandMorty;
			sourceTree = "<group>";
		};
		431B49DF298C5719001EB598 /* Controllers */ = {
			isa = PBXGroup;
			children = (
				431B49EE298C59DA001EB598 /* Core */,
			);
			path = Controllers;
			sourceTree = "<group>";
		};
		431B49E0298C5729001EB598 /* Models */ = {
			isa = PBXGroup;
			children = (
				431B49E6298C57EF001EB598 /* RMLocations.swift */,
				431B49E8298C5815001EB598 /* RMEpisode.swift */,
				431B49EA298C582D001EB598 /* RMCharacter.swift */,
			);
			path = Models;
			sourceTree = "<group>";
		};
		431B49E1298C572F001EB598 /* Managers */ = {
			isa = PBXGroup;
			children = (
			);
			path = Managers;
			sourceTree = "<group>";
		};
		431B49E2298C5735001EB598 /* Views */ = {
			isa = PBXGroup;
			children = (
			);
			path = Views;
			sourceTree = "<group>";
		};
		431B49E3298C573D001EB598 /* ViewModels */ = {
			isa = PBXGroup;
			children = (
			);
			path = ViewModels;
			sourceTree = "<group>";
		};
		431B49E4298C5743001EB598 /* APIClient */ = {
			isa = PBXGroup;
			children = (
			);
			path = APIClient;
			sourceTree = "<group>";
		};
		431B49E5298C5756001EB598 /* Resources */ = {
			isa = PBXGroup;
			children = (
				431B49CB298C53AA001EB598 /* AppDelegate.swift */,
				431B49CD298C53AA001EB598 /* SceneDelegate.swift */,
				431B49D4298C53AB001EB598 /* Assets.xcassets */,
				431B49D6298C53AB001EB598 /* LaunchScreen.storyboard */,
			);
			path = Resources;
			sourceTree = "<group>";
		};
		431B49EE298C59DA001EB598 /* Core */ = {
			isa = PBXGroup;
			children = (
				431B49EC298C58A5001EB598 /* RMTabBarController.swift */,
				431B49EF298C5A32001EB598 /* RMLocationViewController.swift */,
				431B49F1298C5A44001EB598 /* RMEpisodeViewController.swift */,
				431B49F3298C5A5E001EB598 /* RMCharacterViewController.swift */,
				431B49F5298C5A69001EB598 /* RMSettingsViewController.swift */,
			);
			path = Core;
			sourceTree = "<group>";
		};
/* End PBXGroup section */

/* Begin PBXNativeTarget section */
		431B49C7298C53AA001EB598 /* RickandMorty */ = {
			isa = PBXNativeTarget;
			buildConfigurationList = 431B49DC298C53AB001EB598 /* Build configuration list for PBXNativeTarget "RickandMorty" */;
			buildPhases = (
				431B49C4298C53AA001EB598 /* Sources */,
				431B49C5298C53AA001EB598 /* Frameworks */,
				431B49C6298C53AA001EB598 /* Resources */,
			);
			buildRules = (
			);
			dependencies = (
			);
			name = RickandMorty;
			productName = RickandMorty;
			productReference = 431B49C8298C53AA001EB598 /* RickandMorty.app */;
			productType = "com.apple.product-type.application";
		};
/* End PBXNativeTarget section */

/* Begin PBXProject section */
		431B49C0298C53AA001EB598 /* Project object */ = {
			isa = PBXProject;
			attributes = {
				BuildIndependentTargetsInParallel = 1;
				LastSwiftUpdateCheck = 1400;
				LastUpgradeCheck = 1400;
				TargetAttributes = {
					431B49C7298C53AA001EB598 = {
						CreatedOnToolsVersion = 14.0.1;
					};
				};
			};
			buildConfigurationList = 431B49C3298C53AA001EB598 /* Build configuration list for PBXProject "RickandMorty" */;
			compatibilityVersion = "Xcode 14.0";
			developmentRegion = en;
			hasScannedForEncodings = 0;
			knownRegions = (
				en,
				Base,
			);
			mainGroup = 431B49BF298C53AA001EB598;
			productRefGroup = 431B49C9298C53AA001EB598 /* Products */;
			projectDirPath = "";
			projectRoot = "";
			targets = (
				431B49C7298C53AA001EB598 /* RickandMorty */,
			);
		};
/* End PBXProject section */

/* Begin PBXResourcesBuildPhase section */
		431B49C6298C53AA001EB598 /* Resources */ = {
			isa = PBXResourcesBuildPhase;
			buildActionMask = 2147483647;
			files = (
				431B49D8298C53AB001EB598 /* LaunchScreen.storyboard in Resources */,
				431B49D5298C53AB001EB598 /* Assets.xcassets in Resources */,
			);
			runOnlyForDeploymentPostprocessing = 0;
		};
/* End PBXResourcesBuildPhase section */

/* Begin PBXSourcesBuildPhase section */
		431B49C4298C53AA001EB598 /* Sources */ = {
			isa = PBXSourcesBuildPhase;
			buildActionMask = 2147483647;
			files = (
				431B49ED298C58A5001EB598 /* RMTabBarController.swift in Sources */,
				431B49F4298C5A5E001EB598 /* RMCharacterViewController.swift in Sources */,
				431B49EB298C582D001EB598 /* RMCharacter.swift in Sources */,
				431B49F0298C5A32001EB598 /* RMLocationViewController.swift in Sources */,
				431B49CC298C53AA001EB598 /* AppDelegate.swift in Sources */,
				431B49E9298C5815001EB598 /* RMEpisode.swift in Sources */,
				431B49F6298C5A69001EB598 /* RMSettingsViewController.swift in Sources */,
				431B49CE298C53AA001EB598 /* SceneDelegate.swift in Sources */,
				431B49E7298C57EF001EB598 /* RMLocations.swift in Sources */,
				431B49F2298C5A44001EB598 /* RMEpisodeViewController.swift in Sources */,
			);
			runOnlyForDeploymentPostprocessing = 0;
		};
/* End PBXSourcesBuildPhase section */

/* Begin PBXVariantGroup section */
		431B49D6298C53AB001EB598 /* LaunchScreen.storyboard */ = {
			isa = PBXVariantGroup;
			children = (
				431B49D7298C53AB001EB598 /* Base */,
			);
			name = LaunchScreen.storyboard;
			sourceTree = "<group>";
		};
/* End PBXVariantGroup section */

/* Begin XCBuildConfiguration section */
		431B49DA298C53AB001EB598 /* Debug */ = {
			isa = XCBuildConfiguration;
			buildSettings = {
				ALWAYS_SEARCH_USER_PATHS = NO;
				CLANG_ANALYZER_NONNULL = YES;
				CLANG_ANALYZER_NUMBER_OBJECT_CONVERSION = YES_AGGRESSIVE;
				CLANG_CXX_LANGUAGE_STANDARD = "gnu++20";
				CLANG_ENABLE_MODULES = YES;
				CLANG_ENABLE_OBJC_ARC = YES;
				CLANG_ENABLE_OBJC_WEAK = YES;
				CLANG_WARN_BLOCK_CAPTURE_AUTORELEASING = YES;
				CLANG_WARN_BOOL_CONVERSION = YES;
				CLANG_WARN_COMMA = YES;
				CLANG_WARN_CONSTANT_CONVERSION = YES;
				CLANG_WARN_DEPRECATED_OBJC_IMPLEMENTATIONS = YES;
				CLANG_WARN_DIRECT_OBJC_ISA_USAGE = YES_ERROR;
				CLANG_WARN_DOCUMENTATION_COMMENTS = YES;
				CLANG_WARN_EMPTY_BODY = YES;
				CLANG_WARN_ENUM_CONVERSION = YES;
				CLANG_WARN_INFINITE_RECURSION = YES;
				CLANG_WARN_INT_CONVERSION = YES;
				CLANG_WARN_NON_LITERAL_NULL_CONVERSION = YES;
				CLANG_WARN_OBJC_IMPLICIT_RETAIN_SELF = YES;
				CLANG_WARN_OBJC_LITERAL_CONVERSION = YES;
				CLANG_WARN_OBJC_ROOT_CLASS = YES_ERROR;
				CLANG_WARN_QUOTED_INCLUDE_IN_FRAMEWORK_HEADER = YES;
				CLANG_WARN_RANGE_LOOP_ANALYSIS = YES;
				CLANG_WARN_STRICT_PROTOTYPES = YES;
				CLANG_WARN_SUSPICIOUS_MOVE = YES;
				CLANG_WARN_UNGUARDED_AVAILABILITY = YES_AGGRESSIVE;
				CLANG_WARN_UNREACHABLE_CODE = YES;
				CLANG_WARN__DUPLICATE_METHOD_MATCH = YES;
				COPY_PHASE_STRIP = NO;
				DEBUG_INFORMATION_FORMAT = dwarf;
				ENABLE_STRICT_OBJC_MSGSEND = YES;
				ENABLE_TESTABILITY = YES;
				GCC_C_LANGUAGE_STANDARD = gnu11;
				GCC_DYNAMIC_NO_PIC = NO;
				GCC_NO_COMMON_BLOCKS = YES;
				GCC_OPTIMIZATION_LEVEL = 0;
				GCC_PREPROCESSOR_DEFINITIONS = (
					"DEBUG=1",
					"$(inherited)",
				);
				GCC_WARN_64_TO_32_BIT_CONVERSION = YES;
				GCC_WARN_ABOUT_RETURN_TYPE = YES_ERROR;
				GCC_WARN_UNDECLARED_SELECTOR = YES;
				GCC_WARN_UNINITIALIZED_AUTOS = YES_AGGRESSIVE;
				GCC_WARN_UNUSED_FUNCTION = YES;
				GCC_WARN_UNUSED_VARIABLE = YES;
				IPHONEOS_DEPLOYMENT_TARGET = 16.0;
				MTL_ENABLE_DEBUG_INFO = INCLUDE_SOURCE;
				MTL_FAST_MATH = YES;
				ONLY_ACTIVE_ARCH = YES;
				SDKROOT = iphoneos;
				SWIFT_ACTIVE_COMPILATION_CONDITIONS = DEBUG;
				SWIFT_OPTIMIZATION_LEVEL = "-Onone";
			};
			name = Debug;
		};
		431B49DB298C53AB001EB598 /* Release */ = {
			isa = XCBuildConfiguration;
			buildSettings = {
				ALWAYS_SEARCH_USER_PATHS = NO;
				CLANG_ANALYZER_NONNULL = YES;
				CLANG_ANALYZER_NUMBER_OBJECT_CONVERSION = YES_AGGRESSIVE;
				CLANG_CXX_LANGUAGE_STANDARD = "gnu++20";
				CLANG_ENABLE_MODULES = YES;
				CLANG_ENABLE_OBJC_ARC = YES;
				CLANG_ENABLE_OBJC_WEAK = YES;
				CLANG_WARN_BLOCK_CAPTURE_AUTORELEASING = YES;
				CLANG_WARN_BOOL_CONVERSION = YES;
				CLANG_WARN_COMMA = YES;
				CLANG_WARN_CONSTANT_CONVERSION = YES;
				CLANG_WARN_DEPRECATED_OBJC_IMPLEMENTATIONS = YES;
				CLANG_WARN_DIRECT_OBJC_ISA_USAGE = YES_ERROR;
				CLANG_WARN_DOCUMENTATION_COMMENTS = YES;
				CLANG_WARN_EMPTY_BODY = YES;
				CLANG_WARN_ENUM_CONVERSION = YES;
				CLANG_WARN_INFINITE_RECURSION = YES;
				CLANG_WARN_INT_CONVERSION = YES;
				CLANG_WARN_NON_LITERAL_NULL_CONVERSION = YES;
				CLANG_WARN_OBJC_IMPLICIT_RETAIN_SELF = YES;
				CLANG_WARN_OBJC_LITERAL_CONVERSION = YES;
				CLANG_WARN_OBJC_ROOT_CLASS = YES_ERROR;
				CLANG_WARN_QUOTED_INCLUDE_IN_FRAMEWORK_HEADER = YES;
				CLANG_WARN_RANGE_LOOP_ANALYSIS = YES;
				CLANG_WARN_STRICT_PROTOTYPES = YES;
				CLANG_WARN_SUSPICIOUS_MOVE = YES;
				CLANG_WARN_UNGUARDED_AVAILABILITY = YES_AGGRESSIVE;
				CLANG_WARN_UNREACHABLE_CODE = YES;
				CLANG_WARN__DUPLICATE_METHOD_MATCH = YES;
				COPY_PHASE_STRIP = NO;
				DEBUG_INFORMATION_FORMAT = "dwarf-with-dsym";
				ENABLE_NS_ASSERTIONS = NO;
				ENABLE_STRICT_OBJC_MSGSEND = YES;
				GCC_C_LANGUAGE_STANDARD = gnu11;
				GCC_NO_COMMON_BLOCKS = YES;
				GCC_WARN_64_TO_32_BIT_CONVERSION = YES;
				GCC_WARN_ABOUT_RETURN_TYPE = YES_ERROR;
				GCC_WARN_UNDECLARED_SELECTOR = YES;
				GCC_WARN_UNINITIALIZED_AUTOS = YES_AGGRESSIVE;
				GCC_WARN_UNUSED_FUNCTION = YES;
				GCC_WARN_UNUSED_VARIABLE = YES;
				IPHONEOS_DEPLOYMENT_TARGET = 16.0;
				MTL_ENABLE_DEBUG_INFO = NO;
				MTL_FAST_MATH = YES;
				SDKROOT = iphoneos;
				SWIFT_COMPILATION_MODE = wholemodule;
				SWIFT_OPTIMIZATION_LEVEL = "-O";
				VALIDATE_PRODUCT = YES;
			};
			name = Release;
		};
		431B49DD298C53AB001EB598 /* Debug */ = {
			isa = XCBuildConfiguration;
			buildSettings = {
				ASSETCATALOG_COMPILER_APPICON_NAME = AppIcon;
				ASSETCATALOG_COMPILER_GLOBAL_ACCENT_COLOR_NAME = AccentColor;
				CODE_SIGN_STYLE = Automatic;
				CURRENT_PROJECT_VERSION = 1;
				DEVELOPMENT_TEAM = DX27HL8RT2;
				GENERATE_INFOPLIST_FILE = YES;
				INFOPLIST_FILE = RickandMorty/Info.plist;
				INFOPLIST_KEY_UIApplicationSupportsIndirectInputEvents = YES;
				INFOPLIST_KEY_UILaunchStoryboardName = LaunchScreen;
				INFOPLIST_KEY_UISupportedInterfaceOrientations_iPad = "UIInterfaceOrientationPortrait UIInterfaceOrientationPortraitUpsideDown UIInterfaceOrientationLandscapeLeft UIInterfaceOrientationLandscapeRight";
				INFOPLIST_KEY_UISupportedInterfaceOrientations_iPhone = "UIInterfaceOrientationPortrait UIInterfaceOrientationLandscapeLeft UIInterfaceOrientationLandscapeRight";
				LD_RUNPATH_SEARCH_PATHS = (
					"$(inherited)",
					"@executable_path/Frameworks",
				);
				MARKETING_VERSION = 1.0;
				PRODUCT_BUNDLE_IDENTIFIER = ezz.RickandMorty;
				PRODUCT_NAME = "$(TARGET_NAME)";
				SWIFT_EMIT_LOC_STRINGS = YES;
				SWIFT_VERSION = 5.0;
				TARGETED_DEVICE_FAMILY = "1,2";
			};
			name = Debug;
		};
		431B49DE298C53AB001EB598 /* Release */ = {
			isa = XCBuildConfiguration;
			buildSettings = {
				ASSETCATALOG_COMPILER_APPICON_NAME = AppIcon;
				ASSETCATALOG_COMPILER_GLOBAL_ACCENT_COLOR_NAME = AccentColor;
				CODE_SIGN_STYLE = Automatic;
				CURRENT_PROJECT_VERSION = 1;
				DEVELOPMENT_TEAM = DX27HL8RT2;
				GENERATE_INFOPLIST_FILE = YES;
				INFOPLIST_FILE = RickandMorty/Info.plist;
				INFOPLIST_KEY_UIApplicationSupportsIndirectInputEvents = YES;
				INFOPLIST_KEY_UILaunchStoryboardName = LaunchScreen;
				INFOPLIST_KEY_UISupportedInterfaceOrientations_iPad = "UIInterfaceOrientationPortrait UIInterfaceOrientationPortraitUpsideDown UIInterfaceOrientationLandscapeLeft UIInterfaceOrientationLandscapeRight";
				INFOPLIST_KEY_UISupportedInterfaceOrientations_iPhone = "UIInterfaceOrientationPortrait UIInterfaceOrientationLandscapeLeft UIInterfaceOrientationLandscapeRight";
				LD_RUNPATH_SEARCH_PATHS = (
					"$(inherited)",
					"@executable_path/Frameworks",
				);
				MARKETING_VERSION = 1.0;
				PRODUCT_BUNDLE_IDENTIFIER = ezz.RickandMorty;
				PRODUCT_NAME = "$(TARGET_NAME)";
				SWIFT_EMIT_LOC_STRINGS = YES;
				SWIFT_VERSION = 5.0;
				TARGETED_DEVICE_FAMILY = "1,2";
			};
			name = Release;
		};
/* End XCBuildConfiguration section */

/* Begin XCConfigurationList section */
		431B49C3298C53AA001EB598 /* Build configuration list for PBXProject "RickandMorty" */ = {
			isa = XCConfigurationList;
			buildConfigurations = (
				431B49DA298C53AB001EB598 /* Debug */,
				431B49DB298C53AB001EB598 /* Release */,
			);
			defaultConfigurationIsVisible = 0;
			defaultConfigurationName = Release;
		};
		431B49DC298C53AB001EB598 /* Build configuration list for PBXNativeTarget "RickandMorty" */ = {
			isa = XCConfigurationList;
			buildConfigurations = (
				431B49DD298C53AB001EB598 /* Debug */,
				431B49DE298C53AB001EB598 /* Release */,
			);
			defaultConfigurationIsVisible = 0;
			defaultConfigurationName = Release;
		};
/* End XCConfigurationList section */
	};
	rootObject = 431B49C0298C53AA001EB598 /* Project object */;
}
